
Microsoft Visual Studio Solution File, Format Version 12.00
# Visual Studio Version 17
VisualStudioVersion = 17.0.32014.148
MinimumVisualStudioVersion = 10.0.40219.1
Project("{FAE04EC0-301F-11D3-BF4B-00C04F79EFBC}") = "ConsoleApp2", "ConsoleApp2\ConsoleApp2.csproj", "{FAC61D4C-0914-4874-B739-33B9418EFC58}"
EndProject
Global
	GlobalSection(SolutionConfigurationPlatforms) = preSolution
		Debug|Any CPU = Debug|Any CPU
		Release|Any CPU = Release|Any CPU
	EndGlobalSection
	GlobalSection(ProjectConfigurationPlatforms) = postSolution
		{FAC61D4C-0914-4874-B739-33B9418EFC58}.Debug|Any CPU.ActiveCfg = Debug|Any CPU
		{FAC61D4C-0914-4874-B739-33B9418EFC58}.Debug|Any CPU.Build.0 = Debug|Any CPU
		{FAC61D4C-0914-4874-B739-33B9418EFC58}.Release|Any CPU.ActiveCfg = Release|Any CPU
		{FAC61D4C-0914-4874-B739-33B9418EFC58}.Release|Any CPU.Build.0 = Release|Any CPU
	EndGlobalSection
	GlobalSection(SolutionProperties) = preSolution
		HideSolutionNode = FALSE
	EndGlobalSection
	GlobalSection(ExtensibilityGlobals) = postSolution
		SolutionGuid = {D5087957-6D9C-4FCB-87C1-B60EF5E5740B}
	EndGlobalSection
EndGlobal
